
Microsoft Visual Studio Solution File, Format Version 12.00
# Visual Studio Version 16
VisualStudioVersion = 16.0.30413.136
MinimumVisualStudioVersion = 10.0.40219.1
Project("{FAE04EC0-301F-11D3-BF4B-00C04F79EFBC}") = "XadrezConsole", "XadrezConsole.csproj", "{27184E7D-629E-4B75-A487-BE0E816EBF36}"
EndProject
Global
	GlobalSection(SolutionConfigurationPlatforms) = preSolution
		Debug|Any CPU = Debug|Any CPU
		Release|Any CPU = Release|Any CPU
	EndGlobalSection
	GlobalSection(ProjectConfigurationPlatforms) = postSolution
		{27184E7D-629E-4B75-A487-BE0E816EBF36}.Debug|Any CPU.ActiveCfg = Debug|Any CPU
		{27184E7D-629E-4B75-A487-BE0E816EBF36}.Debug|Any CPU.Build.0 = Debug|Any CPU
		{27184E7D-629E-4B75-A487-BE0E816EBF36}.Release|Any CPU.ActiveCfg = Release|Any CPU
		{27184E7D-629E-4B75-A487-BE0E816EBF36}.Release|Any CPU.Build.0 = Release|Any CPU
	EndGlobalSection
	GlobalSection(SolutionProperties) = preSolution
		HideSolutionNode = FALSE
	EndGlobalSection
	GlobalSection(ExtensibilityGlobals) = postSolution
		SolutionGuid = {C6845F44-681A-4BB8-961E-7E749F7E7C24}
	EndGlobalSection
EndGlobal
